
Microsoft Visual Studio Solution File, Format Version 12.00
# Visual Studio Version 17
VisualStudioVersion = 17.7.33927.210
MinimumVisualStudioVersion = 10.0.40219.1
Project("{FAE04EC0-301F-11D3-BF4B-00C04F79EFBC}") = "AzureFunctionIsolatedMigration", "AzureFunctionIsolatedMigration.csproj", "{AD4DA084-EA06-4BF9-9702-E573A4995EC3}"
EndProject
Global
	GlobalSection(SolutionConfigurationPlatforms) = preSolution
		Debug|Any CPU = Debug|Any CPU
		Release|Any CPU = Release|Any CPU
	EndGlobalSection
	GlobalSection(ProjectConfigurationPlatforms) = postSolution
		{AD4DA084-EA06-4BF9-9702-E573A4995EC3}.Debug|Any CPU.ActiveCfg = Debug|Any CPU
		{AD4DA084-EA06-4BF9-9702-E573A4995EC3}.Debug|Any CPU.Build.0 = Debug|Any CPU
		{AD4DA084-EA06-4BF9-9702-E573A4995EC3}.Release|Any CPU.ActiveCfg = Release|Any CPU
		{AD4DA084-EA06-4BF9-9702-E573A4995EC3}.Release|Any CPU.Build.0 = Release|Any CPU
	EndGlobalSection
	GlobalSection(SolutionProperties) = preSolution
		HideSolutionNode = FALSE
	EndGlobalSection
	GlobalSection(ExtensibilityGlobals) = postSolution
		SolutionGuid = {0CA5F1FF-0D29-4C4F-A615-F1D7AB3BBFAC}
	EndGlobalSection
EndGlobal
